
Microsoft Visual Studio Solution File, Format Version 12.00
# Visual Studio 15
VisualStudioVersion = 15.0.27428.2037
MinimumVisualStudioVersion = 10.0.40219.1
Project("{FAE04EC0-301F-11D3-BF4B-00C04F79EFBC}") = "Tecwi1", "Tecwi1\Tecwi1.csproj", "{2054F724-6AA6-4155-A6E4-A2E13566917D}"
EndProject
Global
	GlobalSection(SolutionConfigurationPlatforms) = preSolution
		Debug|Any CPU = Debug|Any CPU
		Release|Any CPU = Release|Any CPU
	EndGlobalSection
	GlobalSection(ProjectConfigurationPlatforms) = postSolution
		{2054F724-6AA6-4155-A6E4-A2E13566917D}.Debug|Any CPU.ActiveCfg = Debug|Any CPU
		{2054F724-6AA6-4155-A6E4-A2E13566917D}.Debug|Any CPU.Build.0 = Debug|Any CPU
		{2054F724-6AA6-4155-A6E4-A2E13566917D}.Release|Any CPU.ActiveCfg = Release|Any CPU
		{2054F724-6AA6-4155-A6E4-A2E13566917D}.Release|Any CPU.Build.0 = Release|Any CPU
	EndGlobalSection
	GlobalSection(SolutionProperties) = preSolution
		HideSolutionNode = FALSE
	EndGlobalSection
	GlobalSection(ExtensibilityGlobals) = postSolution
		SolutionGuid = {14F7E3F8-BF0B-4EB9-BDD0-8EDCA5F91187}
	EndGlobalSection
EndGlobal
